
Microsoft Visual Studio Solution File, Format Version 12.00
# Visual Studio Version 17
VisualStudioVersion = 17.2.32516.85
MinimumVisualStudioVersion = 10.0.40219.1
Project("{9A19103F-16F7-4668-BE54-9A1E7A4F7556}") = "HolidaySearch", "HolidaySearch\HolidaySearch.csproj", "{F3E31FDB-84CC-4C85-B772-D5F21780E895}"
EndProject
Project("{FAE04EC0-301F-11D3-BF4B-00C04F79EFBC}") = "HolidaySearch.Tests", "HolidaySearch.Tests\HolidaySearch.Tests.csproj", "{18FF6CAF-F0F1-4678-B408-D26FCA39C2D1}"
EndProject
Global
	GlobalSection(SolutionConfigurationPlatforms) = preSolution
		Debug|Any CPU = Debug|Any CPU
		Release|Any CPU = Release|Any CPU
	EndGlobalSection
	GlobalSection(ProjectConfigurationPlatforms) = postSolution
		{F3E31FDB-84CC-4C85-B772-D5F21780E895}.Debug|Any CPU.ActiveCfg = Debug|Any CPU
		{F3E31FDB-84CC-4C85-B772-D5F21780E895}.Debug|Any CPU.Build.0 = Debug|Any CPU
		{F3E31FDB-84CC-4C85-B772-D5F21780E895}.Release|Any CPU.ActiveCfg = Release|Any CPU
		{F3E31FDB-84CC-4C85-B772-D5F21780E895}.Release|Any CPU.Build.0 = Release|Any CPU
		{18FF6CAF-F0F1-4678-B408-D26FCA39C2D1}.Debug|Any CPU.ActiveCfg = Debug|Any CPU
		{18FF6CAF-F0F1-4678-B408-D26FCA39C2D1}.Debug|Any CPU.Build.0 = Debug|Any CPU
		{18FF6CAF-F0F1-4678-B408-D26FCA39C2D1}.Release|Any CPU.ActiveCfg = Release|Any CPU
		{18FF6CAF-F0F1-4678-B408-D26FCA39C2D1}.Release|Any CPU.Build.0 = Release|Any CPU
	EndGlobalSection
	GlobalSection(SolutionProperties) = preSolution
		HideSolutionNode = FALSE
	EndGlobalSection
	GlobalSection(ExtensibilityGlobals) = postSolution
		SolutionGuid = {40891B32-41DC-47B3-BECD-06AC491755CB}
	EndGlobalSection
EndGlobal
